// !$*UTF8*$!
{
	archiveVersion = 1;
	classes = {
	};
	objectVersion = 50;
	objects = {

/* Begin PBXBuildFile section */
		FD93C406225C4859009ED85F /* AppDelegate.swift in Sources */ = {isa = PBXBuildFile; fileRef = FD93C405225C4859009ED85F /* AppDelegate.swift */; };
		FD93C408225C4859009ED85F /* ViewController.swift in Sources */ = {isa = PBXBuildFile; fileRef = FD93C407225C4859009ED85F /* ViewController.swift */; };
		FD93C40B225C4859009ED85F /* Main.storyboard in Resources */ = {isa = PBXBuildFile; fileRef = FD93C409225C4859009ED85F /* Main.storyboard */; };
		FD93C40E225C4859009ED85F /* coremodel.xcdatamodeld in Sources */ = {isa = PBXBuildFile; fileRef = FD93C40C225C4859009ED85F /* coremodel.xcdatamodeld */; };
		FD93C410225C487B009ED85F /* Assets.xcassets in Resources */ = {isa = PBXBuildFile; fileRef = FD93C40F225C487B009ED85F /* Assets.xcassets */; };
		FD93C413225C487B009ED85F /* LaunchScreen.storyboard in Resources */ = {isa = PBXBuildFile; fileRef = FD93C411225C487B009ED85F /* LaunchScreen.storyboard */; };
/* End PBXBuildFile section */

/* Begin PBXFileReference section */
		FD93C402225C4859009ED85F /* coremodel.app */ = {isa = PBXFileReference; explicitFileType = wrapper.application; includeInIndex = 0; path = coremodel.app; sourceTree = BUILT_PRODUCTS_DIR; };
		FD93C405225C4859009ED85F /* AppDelegate.swift */ = {isa = PBXFileReference; lastKnownFileType = sourcecode.swift; path = AppDelegate.swift; sourceTree = "<group>"; };
		FD93C407225C4859009ED85F /* ViewController.swift */ = {isa = PBXFileReference; lastKnownFileType = sourcecode.swift; path = ViewController.swift; sourceTree = "<group>"; };
		FD93C40A225C4859009ED85F /* Base */ = {isa = PBXFileReference; lastKnownFileType = file.storyboard; name = Base; path = Base.lproj/Main.storyboard; sourceTree = "<group>"; };
		FD93C40D225C4859009ED85F /* coremodel.xcdatamodel */ = {isa = PBXFileReference; lastKnownFileType = wrapper.xcdatamodel; path = coremodel.xcdatamodel; sourceTree = "<group>"; };
		FD93C40F225C487B009ED85F /* Assets.xcassets */ = {isa = PBXFileReference; lastKnownFileType = folder.assetcatalog; path = Assets.xcassets; sourceTree = "<group>"; };
		FD93C412225C487B009ED85F /* Base */ = {isa = PBXFileReference; lastKnownFileType = file.storyboard; name = Base; path = Base.lproj/LaunchScreen.storyboard; sourceTree = "<group>"; };
		FD93C414225C487B009ED85F /* Info.plist */ = {isa = PBXFileReference; lastKnownFileType = text.plist.xml; path = Info.plist; sourceTree = "<group>"; };
/* End PBXFileReference section */

/* Begin PBXFrameworksBuildPhase section */
		FD93C3FF225C4858009ED85F /* Frameworks */ = {
			isa = PBXFrameworksBuildPhase;
			buildActionMask = 2147483647;
			files = (
			);
			runOnlyForDeploymentPostprocessing = 0;
		};
/* End PBXFrameworksBuildPhase section */

/* Begin PBXGroup section */
		FD93C3F9225C4858009ED85F = {
			isa = PBXGroup;
			children = (
				FD93C404225C4859009ED85F /* coremodel */,
				FD93C403225C4859009ED85F /* Products */,
			);
			sourceTree = "<group>";
		};
		FD93C403225C4859009ED85F /* Products */ = {
			isa = PBXGroup;
			children = (
				FD93C402225C4859009ED85F /* coremodel.app */,
			);
			name = Products;
			sourceTree = "<group>";
		};
		FD93C404225C4859009ED85F /* coremodel */ = {
			isa = PBXGroup;
			children = (
				FD93C405225C4859009ED85F /* AppDelegate.swift */,
				FD93C407225C4859009ED85F /* ViewController.swift */,
				FD93C409225C4859009ED85F /* Main.storyboard */,
				FD93C40F225C487B009ED85F /* Assets.xcassets */,
				FD93C411225C487B009ED85F /* LaunchScreen.storyboard */,
				FD93C414225C487B009ED85F /* Info.plist */,
				FD93C40C225C4859009ED85F /* coremodel.xcdatamodeld */,
			);
			path = coremodel;
			sourceTree = "<group>";
		};
/* End PBXGroup section */

/* Begin PBXNativeTarget section */
		FD93C401225C4858009ED85F /* coremodel */ = {
			isa = PBXNativeTarget;
			buildConfigurationList = FD93C417225C487B009ED85F /* Build configuration list for PBXNativeTarget "coremodel" */;
			buildPhases = (
				FD93C3FE225C4858009ED85F /* Sources */,
				FD93C3FF225C4858009ED85F /* Frameworks */,
				FD93C400225C4858009ED85F /* Resources */,
			);
			buildRules = (
			);
			dependencies = (
			);
			name = coremodel;
			productName = coremodel;
			productReference = FD93C402225C4859009ED85F /* coremodel.app */;
			productType = "com.apple.product-type.application";
		};
/* End PBXNativeTarget section */

/* Begin PBXProject section */
		FD93C3FA225C4858009ED85F /* Project object */ = {
			isa = PBXProject;
			attributes = {
				LastSwiftUpdateCheck = 1010;
				LastUpgradeCheck = 1010;
				ORGANIZATIONNAME = alamin;
				TargetAttributes = {
					FD93C401225C4858009ED85F = {
						CreatedOnToolsVersion = 10.1;
					};
				};
			};
			buildConfigurationList = FD93C3FD225C4858009ED85F /* Build configuration list for PBXProject "coremodel" */;
			compatibilityVersion = "Xcode 9.3";
			developmentRegion = en;
			hasScannedForEncodings = 0;
			knownRegions = (
				en,
				Base,
			);
			mainGroup = FD93C3F9225C4858009ED85F;
			productRefGroup = FD93C403225C4859009ED85F /* Products */;
			projectDirPath = "";
			projectRoot = "";
			targets = (
				FD93C401225C4858009ED85F /* coremodel */,
			);
		};
/* End PBXProject section */

/* Begin PBXResourcesBuildPhase section */
		FD93C400225C4858009ED85F /* Resources */ = {
			isa = PBXResourcesBuildPhase;
			buildActionMask = 2147483647;
			files = (
				FD93C413225C487B009ED85F /* LaunchScreen.storyboard in Resources */,
				FD93C410225C487B009ED85F /* Assets.xcassets in Resources */,
				FD93C40B225C4859009ED85F /* Main.storyboard in Resources */,
			);
			runOnlyForDeploymentPostprocessing = 0;
		};
/* End PBXResourcesBuildPhase section */

/* Begin PBXSourcesBuildPhase section */
		FD93C3FE225C4858009ED85F /* Sources */ = {
			isa = PBXSourcesBuildPhase;
			buildActionMask = 2147483647;
			files = (
				FD93C40E225C4859009ED85F /* coremodel.xcdatamodeld in Sources */,
				FD93C408225C4859009ED85F /* ViewController.swift in Sources */,
				FD93C406225C4859009ED85F /* AppDelegate.swift in Sources */,
			);
			runOnlyForDeploymentPostprocessing = 0;
		};
/* End PBXSourcesBuildPhase section */

/* Begin PBXVariantGroup section */
		FD93C409225C4859009ED85F /* Main.storyboard */ = {
			isa = PBXVariantGroup;
			children = (
				FD93C40A225C4859009ED85F /* Base */,
			);
			name = Main.storyboard;
			sourceTree = "<group>";
		};
		FD93C411225C487B009ED85F /* LaunchScreen.storyboard */ = {
			isa = PBXVariantGroup;
			children = (
				FD93C412225C487B009ED85F /* Base */,
			);
			name = LaunchScreen.storyboard;
			sourceTree = "<group>";
		};
/* End PBXVariantGroup section */

/* Begin XCBuildConfiguration section */
		FD93C415225C487B009ED85F /* Debug */ = {
			isa = XCBuildConfiguration;
			buildSettings = {
				ALWAYS_SEARCH_USER_PATHS = NO;
				CLANG_ANALYZER_NONNULL = YES;
				CLANG_ANALYZER_NUMBER_OBJECT_CONVERSION = YES_AGGRESSIVE;
				CLANG_CXX_LANGUAGE_STANDARD = "gnu++14";
				CLANG_CXX_LIBRARY = "libc++";
				CLANG_ENABLE_MODULES = YES;
				CLANG_ENABLE_OBJC_ARC = YES;
				CLANG_ENABLE_OBJC_WEAK = YES;
				CLANG_WARN_BLOCK_CAPTURE_AUTORELEASING = YES;
				CLANG_WARN_BOOL_CONVERSION = YES;
				CLANG_WARN_COMMA = YES;
				CLANG_WARN_CONSTANT_CONVERSION = YES;
				CLANG_WARN_DEPRECATED_OBJC_IMPLEMENTATIONS = YES;
				CLANG_WARN_DIRECT_OBJC_ISA_USAGE = YES_ERROR;
				CLANG_WARN_DOCUMENTATION_COMMENTS = YES;
				CLANG_WARN_EMPTY_BODY = YES;
				CLANG_WARN_ENUM_CONVERSION = YES;
				CLANG_WARN_INFINITE_RECURSION = YES;
				CLANG_WARN_INT_CONVERSION = YES;
				CLANG_WARN_NON_LITERAL_NULL_CONVERSION = YES;
				CLANG_WARN_OBJC_IMPLICIT_RETAIN_SELF = YES;
				CLANG_WARN_OBJC_LITERAL_CONVERSION = YES;
				CLANG_WARN_OBJC_ROOT_CLASS = YES_ERROR;
				CLANG_WARN_RANGE_LOOP_ANALYSIS = YES;
				CLANG_WARN_STRICT_PROTOTYPES = YES;
				CLANG_WARN_SUSPICIOUS_MOVE = YES;
				CLANG_WARN_UNGUARDED_AVAILABILITY = YES_AGGRESSIVE;
				CLANG_WARN_UNREACHABLE_CODE = YES;
				CLANG_WARN__DUPLICATE_METHOD_MATCH = YES;
				CODE_SIGN_IDENTITY = "iPhone Developer";
				COPY_PHASE_STRIP = NO;
				DEBUG_INFORMATION_FORMAT = dwarf;
				ENABLE_STRICT_OBJC_MSGSEND = YES;
				ENABLE_TESTABILITY = YES;
				GCC_C_LANGUAGE_STANDARD = gnu11;
				GCC_DYNAMIC_NO_PIC = NO;
				GCC_NO_COMMON_BLOCKS = YES;
				GCC_OPTIMIZATION_LEVEL = 0;
				GCC_PREPROCESSOR_DEFINITIONS = (
					"DEBUG=1",
					"$(inherited)",
				);
				GCC_WARN_64_TO_32_BIT_CONVERSION = YES;
				GCC_WARN_ABOUT_RETURN_TYPE = YES_ERROR;
				GCC_WARN_UNDECLARED_SELECTOR = YES;
				GCC_WARN_UNINITIALIZED_AUTOS = YES_AGGRESSIVE;
				GCC_WARN_UNUSED_FUNCTION = YES;
				GCC_WARN_UNUSED_VARIABLE = YES;
				IPHONEOS_DEPLOYMENT_TARGET = 12.1;
				MTL_ENABLE_DEBUG_INFO = INCLUDE_SOURCE;
				MTL_FAST_MATH = YES;
				ONLY_ACTIVE_ARCH = YES;
				SDKROOT = iphoneos;
				SWIFT_ACTIVE_COMPILATION_CONDITIONS = DEBUG;
				SWIFT_OPTIMIZATION_LEVEL = "-Onone";
			};
			name = Debug;
		};
		FD93C416225C487B009ED85F /* Release */ = {
			isa = XCBuildConfiguration;
			buildSettings = {
				ALWAYS_SEARCH_USER_PATHS = NO;
				CLANG_ANALYZER_NONNULL = YES;
				CLANG_ANALYZER_NUMBER_OBJECT_CONVERSION = YES_AGGRESSIVE;
				CLANG_CXX_LANGUAGE_STANDARD = "gnu++14";
				CLANG_CXX_LIBRARY = "libc++";
				CLANG_ENABLE_MODULES = YES;
				CLANG_ENABLE_OBJC_ARC = YES;
				CLANG_ENABLE_OBJC_WEAK = YES;
				CLANG_WARN_BLOCK_CAPTURE_AUTORELEASING = YES;
				CLANG_WARN_BOOL_CONVERSION = YES;
				CLANG_WARN_COMMA = YES;
				CLANG_WARN_CONSTANT_CONVERSION = YES;
				CLANG_WARN_DEPRECATED_OBJC_IMPLEMENTATIONS = YES;
				CLANG_WARN_DIRECT_OBJC_ISA_USAGE = YES_ERROR;
				CLANG_WARN_DOCUMENTATION_COMMENTS = YES;
				CLANG_WARN_EMPTY_BODY = YES;
				CLANG_WARN_ENUM_CONVERSION = YES;
				CLANG_WARN_INFINITE_RECURSION = YES;
				CLANG_WARN_INT_CONVERSION = YES;
				CLANG_WARN_NON_LITERAL_NULL_CONVERSION = YES;
				CLANG_WARN_OBJC_IMPLICIT_RETAIN_SELF = YES;
				CLANG_WARN_OBJC_LITERAL_CONVERSION = YES;
				CLANG_WARN_OBJC_ROOT_CLASS = YES_ERROR;
				CLANG_WARN_RANGE_LOOP_ANALYSIS = YES;
				CLANG_WARN_STRICT_PROTOTYPES = YES;
				CLANG_WARN_SUSPICIOUS_MOVE = YES;
				CLANG_WARN_UNGUARDED_AVAILABILITY = YES_AGGRESSIVE;
				CLANG_WARN_UNREACHABLE_CODE = YES;
				CLANG_WARN__DUPLICATE_METHOD_MATCH = YES;
				CODE_SIGN_IDENTITY = "iPhone Developer";
				COPY_PHASE_STRIP = NO;
				DEBUG_INFORMATION_FORMAT = "dwarf-with-dsym";
				ENABLE_NS_ASSERTIONS = NO;
				ENABLE_STRICT_OBJC_MSGSEND = YES;
				GCC_C_LANGUAGE_STANDARD = gnu11;
				GCC_NO_COMMON_BLOCKS = YES;
				GCC_WARN_64_TO_32_BIT_CONVERSION = YES;
				GCC_WARN_ABOUT_RETURN_TYPE = YES_ERROR;
				GCC_WARN_UNDECLARED_SELECTOR = YES;
				GCC_WARN_UNINITIALIZED_AUTOS = YES_AGGRESSIVE;
				GCC_WARN_UNUSED_FUNCTION = YES;
				GCC_WARN_UNUSED_VARIABLE = YES;
				IPHONEOS_DEPLOYMENT_TARGET = 12.1;
				MTL_ENABLE_DEBUG_INFO = NO;
				MTL_FAST_MATH = YES;
				SDKROOT = iphoneos;
				SWIFT_COMPILATION_MODE = wholemodule;
				SWIFT_OPTIMIZATION_LEVEL = "-O";
				VALIDATE_PRODUCT = YES;
			};
			name = Release;
		};
		FD93C418225C487B009ED85F /* Debug */ = {
			isa = XCBuildConfiguration;
			buildSettings = {
				ASSETCATALOG_COMPILER_APPICON_NAME = AppIcon;
				CODE_SIGN_STYLE = Automatic;
				INFOPLIST_FILE = coremodel/Info.plist;
				LD_RUNPATH_SEARCH_PATHS = (
					"$(inherited)",
					"@executable_path/Frameworks",
				);
				PRODUCT_BUNDLE_IDENTIFIER = tkt.coremodel;
				PRODUCT_NAME = "$(TARGET_NAME)";
				SWIFT_VERSION = 4.2;
				TARGETED_DEVICE_FAMILY = "1,2";
			};
			name = Debug;
		};
		FD93C419225C487B009ED85F /* Release */ = {
			isa = XCBuildConfiguration;
			buildSettings = {
				ASSETCATALOG_COMPILER_APPICON_NAME = AppIcon;
				CODE_SIGN_STYLE = Automatic;
				INFOPLIST_FILE = coremodel/Info.plist;
				LD_RUNPATH_SEARCH_PATHS = (
					"$(inherited)",
					"@executable_path/Frameworks",
				);
				PRODUCT_BUNDLE_IDENTIFIER = tkt.coremodel;
				PRODUCT_NAME = "$(TARGET_NAME)";
				SWIFT_VERSION = 4.2;
				TARGETED_DEVICE_FAMILY = "1,2";
			};
			name = Release;
		};
/* End XCBuildConfiguration section */

/* Begin XCConfigurationList section */
		FD93C3FD225C4858009ED85F /* Build configuration list for PBXProject "coremodel" */ = {
			isa = XCConfigurationList;
			buildConfigurations = (
				FD93C415225C487B009ED85F /* Debug */,
				FD93C416225C487B009ED85F /* Release */,
			);
			defaultConfigurationIsVisible = 0;
			defaultConfigurationName = Release;
		};
		FD93C417225C487B009ED85F /* Build configuration list for PBXNativeTarget "coremodel" */ = {
			isa = XCConfigurationList;
			buildConfigurations = (
				FD93C418225C487B009ED85F /* Debug */,
				FD93C419225C487B009ED85F /* Release */,
			);
			defaultConfigurationIsVisible = 0;
			defaultConfigurationName = Release;
		};
/* End XCConfigurationList section */

/* Begin XCVersionGroup section */
		FD93C40C225C4859009ED85F /* coremodel.xcdatamodeld */ = {
			isa = XCVersionGroup;
			children = (
				FD93C40D225C4859009ED85F /* coremodel.xcdatamodel */,
			);
			currentVersion = FD93C40D225C4859009ED85F /* coremodel.xcdatamodel */;
			path = coremodel.xcdatamodeld;
			sourceTree = "<group>";
			versionGroupType = wrapper.xcdatamodel;
		};
/* End XCVersionGroup section */
	};
	rootObject = FD93C3FA225C4858009ED85F /* Project object */;
}
